// !$*UTF8*$!
{
	archiveVersion = 1;
	classes = {
	};
	objectVersion = 46;
	objects = {

/* Begin PBXBuildFile section */
		251B397885CD48EA8EA69B3D /* libPods.a in Frameworks */ = {isa = PBXBuildFile; fileRef = C587BF532DF8444F97FEB157 /* libPods.a */; };
		4FE261B1DAD3428DADC84093 /* libPods.a in Frameworks */ = {isa = PBXBuildFile; fileRef = C587BF532DF8444F97FEB157 /* libPods.a */; };
		6322F4E81A2EBEA800FA8F71 /* note.json in Resources */ = {isa = PBXBuildFile; fileRef = 6322F4DE1A2EBEA800FA8F71 /* note.json */; };
		6322F4E91A2EBEA800FA8F71 /* notes.json in Resources */ = {isa = PBXBuildFile; fileRef = 6322F4DF1A2EBEA800FA8F71 /* notes.json */; };
		6322F4EA1A2EBEA800FA8F71 /* notes.xml in Resources */ = {isa = PBXBuildFile; fileRef = 6322F4E01A2EBEA800FA8F71 /* notes.xml */; };
		6322F4EB1A2EBEA800FA8F71 /* small_berkeley.osm in Resources */ = {isa = PBXBuildFile; fileRef = 6322F4E11A2EBEA800FA8F71 /* small_berkeley.osm */; };
		6322F4EC1A2EBEA800FA8F71 /* user.osm in Resources */ = {isa = PBXBuildFile; fileRef = 6322F4E21A2EBEA800FA8F71 /* user.osm */; };
		6322F4ED1A2EBEA800FA8F71 /* OSMKParserTests.m in Sources */ = {isa = PBXBuildFile; fileRef = 6322F4E31A2EBEA800FA8F71 /* OSMKParserTests.m */; };
		6322F4EE1A2EBEA800FA8F71 /* OSMKStorageTests.m in Sources */ = {isa = PBXBuildFile; fileRef = 6322F4E41A2EBEA800FA8F71 /* OSMKStorageTests.m */; };
		6322F4EF1A2EBEA800FA8F71 /* OSMKTestData.m in Sources */ = {isa = PBXBuildFile; fileRef = 6322F4E61A2EBEA800FA8F71 /* OSMKTestData.m */; };
		632C3CA318FDE815001E8C69 /* Foundation.framework in Frameworks */ = {isa = PBXBuildFile; fileRef = 632C3CA218FDE815001E8C69 /* Foundation.framework */; };
		632C3CA518FDE815001E8C69 /* CoreGraphics.framework in Frameworks */ = {isa = PBXBuildFile; fileRef = 632C3CA418FDE815001E8C69 /* CoreGraphics.framework */; };
		632C3CA718FDE815001E8C69 /* UIKit.framework in Frameworks */ = {isa = PBXBuildFile; fileRef = 632C3CA618FDE815001E8C69 /* UIKit.framework */; };
		632C3CAD18FDE815001E8C69 /* InfoPlist.strings in Resources */ = {isa = PBXBuildFile; fileRef = 632C3CAB18FDE815001E8C69 /* InfoPlist.strings */; };
		632C3CAF18FDE815001E8C69 /* main.mm in Sources */ = {isa = PBXBuildFile; fileRef = 632C3CAE18FDE815001E8C69 /* main.mm */; };
		632C3CB318FDE815001E8C69 /* OSMKAppDelegate.m in Sources */ = {isa = PBXBuildFile; fileRef = 632C3CB218FDE815001E8C69 /* OSMKAppDelegate.m */; };
		632C3CB518FDE815001E8C69 /* Images.xcassets in Resources */ = {isa = PBXBuildFile; fileRef = 632C3CB418FDE815001E8C69 /* Images.xcassets */; };
		632C3CBC18FDE815001E8C69 /* XCTest.framework in Frameworks */ = {isa = PBXBuildFile; fileRef = 632C3CBB18FDE815001E8C69 /* XCTest.framework */; };
		632C3CBD18FDE815001E8C69 /* Foundation.framework in Frameworks */ = {isa = PBXBuildFile; fileRef = 632C3CA218FDE815001E8C69 /* Foundation.framework */; };
		632C3CBE18FDE815001E8C69 /* UIKit.framework in Frameworks */ = {isa = PBXBuildFile; fileRef = 632C3CA618FDE815001E8C69 /* UIKit.framework */; };
		632C3CC618FDE815001E8C69 /* InfoPlist.strings in Resources */ = {isa = PBXBuildFile; fileRef = 632C3CC418FDE815001E8C69 /* InfoPlist.strings */; };
		635F4FD619469589006D2EF8 /* OSMKAPITests.m in Sources */ = {isa = PBXBuildFile; fileRef = 635F4FD519469589006D2EF8 /* OSMKAPITests.m */; };
		63C6D5381A2EC66D009FB1B0 /* note.json in Resources */ = {isa = PBXBuildFile; fileRef = 6322F4DE1A2EBEA800FA8F71 /* note.json */; };
		63C6D5391A2EC672009FB1B0 /* notes.json in Resources */ = {isa = PBXBuildFile; fileRef = 6322F4DF1A2EBEA800FA8F71 /* notes.json */; };
		63C6D53A1A2EC674009FB1B0 /* notes.xml in Resources */ = {isa = PBXBuildFile; fileRef = 6322F4E01A2EBEA800FA8F71 /* notes.xml */; };
		63C6D53B1A2EC679009FB1B0 /* small_berkeley.osm in Resources */ = {isa = PBXBuildFile; fileRef = 6322F4E11A2EBEA800FA8F71 /* small_berkeley.osm */; };
		63C6D53C1A2EC67C009FB1B0 /* user.osm in Resources */ = {isa = PBXBuildFile; fileRef = 6322F4E21A2EBEA800FA8F71 /* user.osm */; };
		63E409871A2EC6F700C7B5E1 /* berkeley.osm in Resources */ = {isa = PBXBuildFile; fileRef = 63E409861A2EC6F700C7B5E1 /* berkeley.osm */; };
		63E409881A2EC6F700C7B5E1 /* berkeley.osm in Resources */ = {isa = PBXBuildFile; fileRef = 63E409861A2EC6F700C7B5E1 /* berkeley.osm */; };
		63F7F7DA1A65FE4B0010D9D5 /* OSMKImporterTests.m in Sources */ = {isa = PBXBuildFile; fileRef = 63F7F7D91A65FE4B0010D9D5 /* OSMKImporterTests.m */; };
/* End PBXBuildFile section */

/* Begin PBXContainerItemProxy section */
		632C3CBF18FDE815001E8C69 /* PBXContainerItemProxy */ = {
			isa = PBXContainerItemProxy;
			containerPortal = 632C3C9718FDE814001E8C69 /* Project object */;
			proxyType = 1;
			remoteGlobalIDString = 632C3C9E18FDE815001E8C69;
			remoteInfo = OSMKit;
		};
/* End PBXContainerItemProxy section */

/* Begin PBXFileReference section */
		6322F4DE1A2EBEA800FA8F71 /* note.json */ = {isa = PBXFileReference; fileEncoding = 4; lastKnownFileType = text.json; path = note.json; sourceTree = "<group>"; };
		6322F4DF1A2EBEA800FA8F71 /* notes.json */ = {isa = PBXFileReference; fileEncoding = 4; lastKnownFileType = text.json; path = notes.json; sourceTree = "<group>"; };
		6322F4E01A2EBEA800FA8F71 /* notes.xml */ = {isa = PBXFileReference; fileEncoding = 4; lastKnownFileType = text.xml; path = notes.xml; sourceTree = "<group>"; };
		6322F4E11A2EBEA800FA8F71 /* small_berkeley.osm */ = {isa = PBXFileReference; fileEncoding = 4; lastKnownFileType = text.xml; path = small_berkeley.osm; sourceTree = "<group>"; };
		6322F4E21A2EBEA800FA8F71 /* user.osm */ = {isa = PBXFileReference; fileEncoding = 4; lastKnownFileType = text.xml; path = user.osm; sourceTree = "<group>"; };
		6322F4E31A2EBEA800FA8F71 /* OSMKParserTests.m */ = {isa = PBXFileReference; fileEncoding = 4; lastKnownFileType = sourcecode.c.objc; path = OSMKParserTests.m; sourceTree = "<group>"; };
		6322F4E41A2EBEA800FA8F71 /* OSMKStorageTests.m */ = {isa = PBXFileReference; fileEncoding = 4; lastKnownFileType = sourcecode.c.objc; path = OSMKStorageTests.m; sourceTree = "<group>"; };
		6322F4E51A2EBEA800FA8F71 /* OSMKTestData.h */ = {isa = PBXFileReference; fileEncoding = 4; lastKnownFileType = sourcecode.c.h; path = OSMKTestData.h; sourceTree = "<group>"; };
		6322F4E61A2EBEA800FA8F71 /* OSMKTestData.m */ = {isa = PBXFileReference; fileEncoding = 4; lastKnownFileType = sourcecode.c.objc; path = OSMKTestData.m; sourceTree = "<group>"; };
		632C3C9F18FDE815001E8C69 /* OSMKit.app */ = {isa = PBXFileReference; explicitFileType = wrapper.application; includeInIndex = 0; path = OSMKit.app; sourceTree = BUILT_PRODUCTS_DIR; };
		632C3CA218FDE815001E8C69 /* Foundation.framework */ = {isa = PBXFileReference; lastKnownFileType = wrapper.framework; name = Foundation.framework; path = System/Library/Frameworks/Foundation.framework; sourceTree = SDKROOT; };
		632C3CA418FDE815001E8C69 /* CoreGraphics.framework */ = {isa = PBXFileReference; lastKnownFileType = wrapper.framework; name = CoreGraphics.framework; path = System/Library/Frameworks/CoreGraphics.framework; sourceTree = SDKROOT; };
		632C3CA618FDE815001E8C69 /* UIKit.framework */ = {isa = PBXFileReference; lastKnownFileType = wrapper.framework; name = UIKit.framework; path = System/Library/Frameworks/UIKit.framework; sourceTree = SDKROOT; };
		632C3CAA18FDE815001E8C69 /* OSMKit-Info.plist */ = {isa = PBXFileReference; lastKnownFileType = text.plist.xml; path = "OSMKit-Info.plist"; sourceTree = "<group>"; };
		632C3CAC18FDE815001E8C69 /* en */ = {isa = PBXFileReference; lastKnownFileType = text.plist.strings; name = en; path = en.lproj/InfoPlist.strings; sourceTree = "<group>"; };
		632C3CAE18FDE815001E8C69 /* main.mm */ = {isa = PBXFileReference; lastKnownFileType = sourcecode.cpp.objcpp; path = main.mm; sourceTree = "<group>"; };
		632C3CB018FDE815001E8C69 /* OSMKit-Prefix.pch */ = {isa = PBXFileReference; lastKnownFileType = sourcecode.c.h; path = "OSMKit-Prefix.pch"; sourceTree = "<group>"; };
		632C3CB118FDE815001E8C69 /* OSMKAppDelegate.h */ = {isa = PBXFileReference; lastKnownFileType = sourcecode.c.h; path = OSMKAppDelegate.h; sourceTree = "<group>"; };
		632C3CB218FDE815001E8C69 /* OSMKAppDelegate.m */ = {isa = PBXFileReference; lastKnownFileType = sourcecode.c.objc; path = OSMKAppDelegate.m; sourceTree = "<group>"; };
		632C3CB418FDE815001E8C69 /* Images.xcassets */ = {isa = PBXFileReference; lastKnownFileType = folder.assetcatalog; path = Images.xcassets; sourceTree = "<group>"; };
		632C3CBA18FDE815001E8C69 /* OSMKitTests.xctest */ = {isa = PBXFileReference; explicitFileType = wrapper.cfbundle; includeInIndex = 0; path = OSMKitTests.xctest; sourceTree = BUILT_PRODUCTS_DIR; };
		632C3CBB18FDE815001E8C69 /* XCTest.framework */ = {isa = PBXFileReference; lastKnownFileType = wrapper.framework; name = XCTest.framework; path = Library/Frameworks/XCTest.framework; sourceTree = DEVELOPER_DIR; };
		632C3CC318FDE815001E8C69 /* OSMKitTests-Info.plist */ = {isa = PBXFileReference; lastKnownFileType = text.plist.xml; path = "OSMKitTests-Info.plist"; sourceTree = "<group>"; };
		632C3CC518FDE815001E8C69 /* en */ = {isa = PBXFileReference; lastKnownFileType = text.plist.strings; name = en; path = en.lproj/InfoPlist.strings; sourceTree = "<group>"; };
		635F4FD519469589006D2EF8 /* OSMKAPITests.m */ = {isa = PBXFileReference; fileEncoding = 4; lastKnownFileType = sourcecode.c.objc; path = OSMKAPITests.m; sourceTree = "<group>"; };
		63E409861A2EC6F700C7B5E1 /* berkeley.osm */ = {isa = PBXFileReference; fileEncoding = 4; lastKnownFileType = text.xml; path = berkeley.osm; sourceTree = "<group>"; };
		63F7F7D91A65FE4B0010D9D5 /* OSMKImporterTests.m */ = {isa = PBXFileReference; fileEncoding = 4; lastKnownFileType = sourcecode.c.objc; path = OSMKImporterTests.m; sourceTree = "<group>"; };
		6D3E5B0C9150F393546435EE /* Pods.debug.xcconfig */ = {isa = PBXFileReference; includeInIndex = 1; lastKnownFileType = text.xcconfig; name = Pods.debug.xcconfig; path = "Pods/Target Support Files/Pods/Pods.debug.xcconfig"; sourceTree = "<group>"; };
		86E8BF54C163D8B1BD08CA15 /* Pods.release.xcconfig */ = {isa = PBXFileReference; includeInIndex = 1; lastKnownFileType = text.xcconfig; name = Pods.release.xcconfig; path = "Pods/Target Support Files/Pods/Pods.release.xcconfig"; sourceTree = "<group>"; };
		C587BF532DF8444F97FEB157 /* libPods.a */ = {isa = PBXFileReference; explicitFileType = archive.ar; includeInIndex = 0; path = libPods.a; sourceTree = BUILT_PRODUCTS_DIR; };
		C9BB6CBA6BAF3C622D98E372 /* libPods-OSMKitTests.a */ = {isa = PBXFileReference; explicitFileType = archive.ar; includeInIndex = 0; path = "libPods-OSMKitTests.a"; sourceTree = BUILT_PRODUCTS_DIR; };
/* End PBXFileReference section */

/* Begin PBXFrameworksBuildPhase section */
		632C3C9C18FDE815001E8C69 /* Frameworks */ = {
			isa = PBXFrameworksBuildPhase;
			buildActionMask = 2147483647;
			files = (
				632C3CA518FDE815001E8C69 /* CoreGraphics.framework in Frameworks */,
				632C3CA718FDE815001E8C69 /* UIKit.framework in Frameworks */,
				632C3CA318FDE815001E8C69 /* Foundation.framework in Frameworks */,
				4FE261B1DAD3428DADC84093 /* libPods.a in Frameworks */,
			);
			runOnlyForDeploymentPostprocessing = 0;
		};
		632C3CB718FDE815001E8C69 /* Frameworks */ = {
			isa = PBXFrameworksBuildPhase;
			buildActionMask = 2147483647;
			files = (
				632C3CBC18FDE815001E8C69 /* XCTest.framework in Frameworks */,
				632C3CBE18FDE815001E8C69 /* UIKit.framework in Frameworks */,
				632C3CBD18FDE815001E8C69 /* Foundation.framework in Frameworks */,
				251B397885CD48EA8EA69B3D /* libPods.a in Frameworks */,
			);
			runOnlyForDeploymentPostprocessing = 0;
		};
/* End PBXFrameworksBuildPhase section */

/* Begin PBXGroup section */
		6322F4DC1A2EBEA800FA8F71 /* Data */ = {
			isa = PBXGroup;
			children = (
				63E409861A2EC6F700C7B5E1 /* berkeley.osm */,
				6322F4DE1A2EBEA800FA8F71 /* note.json */,
				6322F4DF1A2EBEA800FA8F71 /* notes.json */,
				6322F4E01A2EBEA800FA8F71 /* notes.xml */,
				6322F4E11A2EBEA800FA8F71 /* small_berkeley.osm */,
				6322F4E21A2EBEA800FA8F71 /* user.osm */,
			);
			path = Data;
			sourceTree = "<group>";
		};
		632C3C9618FDE814001E8C69 = {
			isa = PBXGroup;
			children = (
				632C3CA818FDE815001E8C69 /* OSMKit */,
				632C3CC118FDE815001E8C69 /* OSMKitTests */,
				632C3CA118FDE815001E8C69 /* Frameworks */,
				632C3CA018FDE815001E8C69 /* Products */,
				7940AB360BBB652887495829 /* Pods */,
			);
			sourceTree = "<group>";
		};
		632C3CA018FDE815001E8C69 /* Products */ = {
			isa = PBXGroup;
			children = (
				632C3C9F18FDE815001E8C69 /* OSMKit.app */,
				632C3CBA18FDE815001E8C69 /* OSMKitTests.xctest */,
			);
			name = Products;
			sourceTree = "<group>";
		};
		632C3CA118FDE815001E8C69 /* Frameworks */ = {
			isa = PBXGroup;
			children = (
				632C3CA218FDE815001E8C69 /* Foundation.framework */,
				632C3CA418FDE815001E8C69 /* CoreGraphics.framework */,
				632C3CA618FDE815001E8C69 /* UIKit.framework */,
				632C3CBB18FDE815001E8C69 /* XCTest.framework */,
				C587BF532DF8444F97FEB157 /* libPods.a */,
				C9BB6CBA6BAF3C622D98E372 /* libPods-OSMKitTests.a */,
			);
			name = Frameworks;
			sourceTree = "<group>";
		};
		632C3CA818FDE815001E8C69 /* OSMKit */ = {
			isa = PBXGroup;
			children = (
				632C3CB118FDE815001E8C69 /* OSMKAppDelegate.h */,
				632C3CB218FDE815001E8C69 /* OSMKAppDelegate.m */,
				632C3CB418FDE815001E8C69 /* Images.xcassets */,
				632C3CA918FDE815001E8C69 /* Supporting Files */,
			);
			path = OSMKit;
			sourceTree = "<group>";
		};
		632C3CA918FDE815001E8C69 /* Supporting Files */ = {
			isa = PBXGroup;
			children = (
				632C3CAA18FDE815001E8C69 /* OSMKit-Info.plist */,
				632C3CAB18FDE815001E8C69 /* InfoPlist.strings */,
				632C3CAE18FDE815001E8C69 /* main.mm */,
				632C3CB018FDE815001E8C69 /* OSMKit-Prefix.pch */,
			);
			name = "Supporting Files";
			sourceTree = "<group>";
		};
		632C3CC118FDE815001E8C69 /* OSMKitTests */ = {
			isa = PBXGroup;
			children = (
				6322F4E31A2EBEA800FA8F71 /* OSMKParserTests.m */,
				63F7F7D91A65FE4B0010D9D5 /* OSMKImporterTests.m */,
				6322F4E41A2EBEA800FA8F71 /* OSMKStorageTests.m */,
				635F4FD519469589006D2EF8 /* OSMKAPITests.m */,
				6322F4E51A2EBEA800FA8F71 /* OSMKTestData.h */,
				6322F4E61A2EBEA800FA8F71 /* OSMKTestData.m */,
				6322F4DC1A2EBEA800FA8F71 /* Data */,
				632C3CC218FDE815001E8C69 /* Supporting Files */,
			);
			path = OSMKitTests;
			sourceTree = "<group>";
		};
		632C3CC218FDE815001E8C69 /* Supporting Files */ = {
			isa = PBXGroup;
			children = (
				632C3CC318FDE815001E8C69 /* OSMKitTests-Info.plist */,
				632C3CC418FDE815001E8C69 /* InfoPlist.strings */,
			);
			name = "Supporting Files";
			sourceTree = "<group>";
		};
		7940AB360BBB652887495829 /* Pods */ = {
			isa = PBXGroup;
			children = (
				6D3E5B0C9150F393546435EE /* Pods.debug.xcconfig */,
				86E8BF54C163D8B1BD08CA15 /* Pods.release.xcconfig */,
			);
			name = Pods;
			sourceTree = "<group>";
		};
/* End PBXGroup section */

/* Begin PBXNativeTarget section */
		632C3C9E18FDE815001E8C69 /* OSMKit */ = {
			isa = PBXNativeTarget;
			buildConfigurationList = 632C3CCB18FDE815001E8C69 /* Build configuration list for PBXNativeTarget "OSMKit" */;
			buildPhases = (
				F76AA410EFEF48178FB8A1D3 /* Check Pods Manifest.lock */,
				632C3C9B18FDE815001E8C69 /* Sources */,
				632C3C9C18FDE815001E8C69 /* Frameworks */,
				632C3C9D18FDE815001E8C69 /* Resources */,
				B19C28EF369E464FB0CD78AD /* Copy Pods Resources */,
			);
			buildRules = (
			);
			dependencies = (
			);
			name = OSMKit;
			productName = OSMKit;
			productReference = 632C3C9F18FDE815001E8C69 /* OSMKit.app */;
			productType = "com.apple.product-type.application";
		};
		632C3CB918FDE815001E8C69 /* OSMKitTests */ = {
			isa = PBXNativeTarget;
			buildConfigurationList = 632C3CCE18FDE815001E8C69 /* Build configuration list for PBXNativeTarget "OSMKitTests" */;
			buildPhases = (
				5AE6B5120C004514A2572A4C /* Check Pods Manifest.lock */,
				632C3CB618FDE815001E8C69 /* Sources */,
				632C3CB718FDE815001E8C69 /* Frameworks */,
				632C3CB818FDE815001E8C69 /* Resources */,
				83822B81243F4C19AF8DCFAD /* Copy Pods Resources */,
			);
			buildRules = (
			);
			dependencies = (
				632C3CC018FDE815001E8C69 /* PBXTargetDependency */,
			);
			name = OSMKitTests;
			productName = OSMKitTests;
			productReference = 632C3CBA18FDE815001E8C69 /* OSMKitTests.xctest */;
			productType = "com.apple.product-type.bundle.unit-test";
		};
/* End PBXNativeTarget section */

/* Begin PBXProject section */
		632C3C9718FDE814001E8C69 /* Project object */ = {
			isa = PBXProject;
			attributes = {
				CLASSPREFIX = OSMK;
				LastUpgradeCheck = 0510;
				ORGANIZATIONNAME = davidchiles;
				TargetAttributes = {
					632C3CB918FDE815001E8C69 = {
						TestTargetID = 632C3C9E18FDE815001E8C69;
					};
				};
			};
			buildConfigurationList = 632C3C9A18FDE814001E8C69 /* Build configuration list for PBXProject "OSMKit" */;
			compatibilityVersion = "Xcode 3.2";
			developmentRegion = English;
			hasScannedForEncodings = 0;
			knownRegions = (
				en,
			);
			mainGroup = 632C3C9618FDE814001E8C69;
			productRefGroup = 632C3CA018FDE815001E8C69 /* Products */;
			projectDirPath = "";
			projectRoot = "";
			targets = (
				632C3C9E18FDE815001E8C69 /* OSMKit */,
				632C3CB918FDE815001E8C69 /* OSMKitTests */,
			);
		};
/* End PBXProject section */

/* Begin PBXResourcesBuildPhase section */
		632C3C9D18FDE815001E8C69 /* Resources */ = {
			isa = PBXResourcesBuildPhase;
			buildActionMask = 2147483647;
			files = (
				63C6D53A1A2EC674009FB1B0 /* notes.xml in Resources */,
				63C6D5381A2EC66D009FB1B0 /* note.json in Resources */,
				632C3CAD18FDE815001E8C69 /* InfoPlist.strings in Resources */,
				632C3CB518FDE815001E8C69 /* Images.xcassets in Resources */,
				63E409871A2EC6F700C7B5E1 /* berkeley.osm in Resources */,
				63C6D53B1A2EC679009FB1B0 /* small_berkeley.osm in Resources */,
				63C6D5391A2EC672009FB1B0 /* notes.json in Resources */,
				63C6D53C1A2EC67C009FB1B0 /* user.osm in Resources */,
			);
			runOnlyForDeploymentPostprocessing = 0;
		};
		632C3CB818FDE815001E8C69 /* Resources */ = {
			isa = PBXResourcesBuildPhase;
			buildActionMask = 2147483647;
			files = (
				6322F4EA1A2EBEA800FA8F71 /* notes.xml in Resources */,
				6322F4E81A2EBEA800FA8F71 /* note.json in Resources */,
				632C3CC618FDE815001E8C69 /* InfoPlist.strings in Resources */,
				6322F4EB1A2EBEA800FA8F71 /* small_berkeley.osm in Resources */,
				6322F4E91A2EBEA800FA8F71 /* notes.json in Resources */,
				63E409881A2EC6F700C7B5E1 /* berkeley.osm in Resources */,
				6322F4EC1A2EBEA800FA8F71 /* user.osm in Resources */,
			);
			runOnlyForDeploymentPostprocessing = 0;
		};
/* End PBXResourcesBuildPhase section */

/* Begin PBXShellScriptBuildPhase section */
		5AE6B5120C004514A2572A4C /* Check Pods Manifest.lock */ = {
			isa = PBXShellScriptBuildPhase;
			buildActionMask = 2147483647;
			files = (
			);
			inputPaths = (
			);
			name = "Check Pods Manifest.lock";
			outputPaths = (
			);
			runOnlyForDeploymentPostprocessing = 0;
			shellPath = /bin/sh;
			shellScript = "diff \"${PODS_ROOT}/../Podfile.lock\" \"${PODS_ROOT}/Manifest.lock\" > /dev/null\nif [[ $? != 0 ]] ; then\n    cat << EOM\nerror: The sandbox is not in sync with the Podfile.lock. Run 'pod install' or update your CocoaPods installation.\nEOM\n    exit 1\nfi\n";
			showEnvVarsInLog = 0;
		};
		83822B81243F4C19AF8DCFAD /* Copy Pods Resources */ = {
			isa = PBXShellScriptBuildPhase;
			buildActionMask = 2147483647;
			files = (
			);
			inputPaths = (
			);
			name = "Copy Pods Resources";
			outputPaths = (
			);
			runOnlyForDeploymentPostprocessing = 0;
			shellPath = /bin/sh;
			shellScript = "\"${SRCROOT}/Pods/Target Support Files/Pods/Pods-resources.sh\"\n";
			showEnvVarsInLog = 0;
		};
		B19C28EF369E464FB0CD78AD /* Copy Pods Resources */ = {
			isa = PBXShellScriptBuildPhase;
			buildActionMask = 2147483647;
			files = (
			);
			inputPaths = (
			);
			name = "Copy Pods Resources";
			outputPaths = (
			);
			runOnlyForDeploymentPostprocessing = 0;
			shellPath = /bin/sh;
			shellScript = "\"${SRCROOT}/Pods/Target Support Files/Pods/Pods-resources.sh\"\n";
			showEnvVarsInLog = 0;
		};
		F76AA410EFEF48178FB8A1D3 /* Check Pods Manifest.lock */ = {
			isa = PBXShellScriptBuildPhase;
			buildActionMask = 2147483647;
			files = (
			);
			inputPaths = (
			);
			name = "Check Pods Manifest.lock";
			outputPaths = (
			);
			runOnlyForDeploymentPostprocessing = 0;
			shellPath = /bin/sh;
			shellScript = "diff \"${PODS_ROOT}/../Podfile.lock\" \"${PODS_ROOT}/Manifest.lock\" > /dev/null\nif [[ $? != 0 ]] ; then\n    cat << EOM\nerror: The sandbox is not in sync with the Podfile.lock. Run 'pod install' or update your CocoaPods installation.\nEOM\n    exit 1\nfi\n";
			showEnvVarsInLog = 0;
		};
/* End PBXShellScriptBuildPhase section */

/* Begin PBXSourcesBuildPhase section */
		632C3C9B18FDE815001E8C69 /* Sources */ = {
			isa = PBXSourcesBuildPhase;
			buildActionMask = 2147483647;
			files = (
				632C3CB318FDE815001E8C69 /* OSMKAppDelegate.m in Sources */,
				632C3CAF18FDE815001E8C69 /* main.mm in Sources */,
			);
			runOnlyForDeploymentPostprocessing = 0;
		};
		632C3CB618FDE815001E8C69 /* Sources */ = {
			isa = PBXSourcesBuildPhase;
			buildActionMask = 2147483647;
			files = (
				63F7F7DA1A65FE4B0010D9D5 /* OSMKImporterTests.m in Sources */,
				6322F4EE1A2EBEA800FA8F71 /* OSMKStorageTests.m in Sources */,
				6322F4EF1A2EBEA800FA8F71 /* OSMKTestData.m in Sources */,
				6322F4ED1A2EBEA800FA8F71 /* OSMKParserTests.m in Sources */,
				635F4FD619469589006D2EF8 /* OSMKAPITests.m in Sources */,
			);
			runOnlyForDeploymentPostprocessing = 0;
		};
/* End PBXSourcesBuildPhase section */

/* Begin PBXTargetDependency section */
		632C3CC018FDE815001E8C69 /* PBXTargetDependency */ = {
			isa = PBXTargetDependency;
			target = 632C3C9E18FDE815001E8C69 /* OSMKit */;
			targetProxy = 632C3CBF18FDE815001E8C69 /* PBXContainerItemProxy */;
		};
/* End PBXTargetDependency section */

/* Begin PBXVariantGroup section */
		632C3CAB18FDE815001E8C69 /* InfoPlist.strings */ = {
			isa = PBXVariantGroup;
			children = (
				632C3CAC18FDE815001E8C69 /* en */,
			);
			name = InfoPlist.strings;
			sourceTree = "<group>";
		};
		632C3CC418FDE815001E8C69 /* InfoPlist.strings */ = {
			isa = PBXVariantGroup;
			children = (
				632C3CC518FDE815001E8C69 /* en */,
			);
			name = InfoPlist.strings;
			sourceTree = "<group>";
		};
/* End PBXVariantGroup section */

/* Begin XCBuildConfiguration section */
		632C3CC918FDE815001E8C69 /* Debug */ = {
			isa = XCBuildConfiguration;
			buildSettings = {
				ALWAYS_SEARCH_USER_PATHS = NO;
				CLANG_CXX_LANGUAGE_STANDARD = "gnu++0x";
				CLANG_CXX_LIBRARY = "libc++";
				CLANG_ENABLE_MODULES = YES;
				CLANG_ENABLE_OBJC_ARC = YES;
				CLANG_WARN_BOOL_CONVERSION = YES;
				CLANG_WARN_CONSTANT_CONVERSION = YES;
				CLANG_WARN_DIRECT_OBJC_ISA_USAGE = YES_ERROR;
				CLANG_WARN_EMPTY_BODY = YES;
				CLANG_WARN_ENUM_CONVERSION = YES;
				CLANG_WARN_INT_CONVERSION = YES;
				CLANG_WARN_OBJC_ROOT_CLASS = YES_ERROR;
				CLANG_WARN__DUPLICATE_METHOD_MATCH = YES;
				"CODE_SIGN_IDENTITY[sdk=iphoneos*]" = "iPhone Developer";
				COPY_PHASE_STRIP = NO;
				GCC_C_LANGUAGE_STANDARD = gnu99;
				GCC_DYNAMIC_NO_PIC = NO;
				GCC_OPTIMIZATION_LEVEL = 0;
				GCC_PREPROCESSOR_DEFINITIONS = (
					"DEBUG=1",
					"$(inherited)",
				);
				GCC_SYMBOLS_PRIVATE_EXTERN = NO;
				GCC_WARN_64_TO_32_BIT_CONVERSION = YES;
				GCC_WARN_ABOUT_RETURN_TYPE = YES_ERROR;
				GCC_WARN_UNDECLARED_SELECTOR = YES;
				GCC_WARN_UNINITIALIZED_AUTOS = YES_AGGRESSIVE;
				GCC_WARN_UNUSED_FUNCTION = YES;
				GCC_WARN_UNUSED_VARIABLE = YES;
				IPHONEOS_DEPLOYMENT_TARGET = 7.1;
				ONLY_ACTIVE_ARCH = YES;
				SDKROOT = iphoneos;
			};
			name = Debug;
		};
		632C3CCA18FDE815001E8C69 /* Release */ = {
			isa = XCBuildConfiguration;
			buildSettings = {
				ALWAYS_SEARCH_USER_PATHS = NO;
				CLANG_CXX_LANGUAGE_STANDARD = "gnu++0x";
				CLANG_CXX_LIBRARY = "libc++";
				CLANG_ENABLE_MODULES = YES;
				CLANG_ENABLE_OBJC_ARC = YES;
				CLANG_WARN_BOOL_CONVERSION = YES;
				CLANG_WARN_CONSTANT_CONVERSION = YES;
				CLANG_WARN_DIRECT_OBJC_ISA_USAGE = YES_ERROR;
				CLANG_WARN_EMPTY_BODY = YES;
				CLANG_WARN_ENUM_CONVERSION = YES;
				CLANG_WARN_INT_CONVERSION = YES;
				CLANG_WARN_OBJC_ROOT_CLASS = YES_ERROR;
				CLANG_WARN__DUPLICATE_METHOD_MATCH = YES;
				"CODE_SIGN_IDENTITY[sdk=iphoneos*]" = "iPhone Developer";
				COPY_PHASE_STRIP = YES;
				ENABLE_NS_ASSERTIONS = NO;
				GCC_C_LANGUAGE_STANDARD = gnu99;
				GCC_WARN_64_TO_32_BIT_CONVERSION = YES;
				GCC_WARN_ABOUT_RETURN_TYPE = YES_ERROR;
				GCC_WARN_UNDECLARED_SELECTOR = YES;
				GCC_WARN_UNINITIALIZED_AUTOS = YES_AGGRESSIVE;
				GCC_WARN_UNUSED_FUNCTION = YES;
				GCC_WARN_UNUSED_VARIABLE = YES;
				IPHONEOS_DEPLOYMENT_TARGET = 7.1;
				SDKROOT = iphoneos;
				VALIDATE_PRODUCT = YES;
			};
			name = Release;
		};
		632C3CCC18FDE815001E8C69 /* Debug */ = {
			isa = XCBuildConfiguration;
			baseConfigurationReference = 6D3E5B0C9150F393546435EE /* Pods.debug.xcconfig */;
			buildSettings = {
				ASSETCATALOG_COMPILER_APPICON_NAME = AppIcon;
				ASSETCATALOG_COMPILER_LAUNCHIMAGE_NAME = LaunchImage;
				GCC_PRECOMPILE_PREFIX_HEADER = YES;
				GCC_PREFIX_HEADER = "OSMKit/OSMKit-Prefix.pch";
				INFOPLIST_FILE = "OSMKit/OSMKit-Info.plist";
				PRODUCT_NAME = "$(TARGET_NAME)";
				WRAPPER_EXTENSION = app;
			};
			name = Debug;
		};
		632C3CCD18FDE815001E8C69 /* Release */ = {
			isa = XCBuildConfiguration;
			baseConfigurationReference = 86E8BF54C163D8B1BD08CA15 /* Pods.release.xcconfig */;
			buildSettings = {
				ASSETCATALOG_COMPILER_APPICON_NAME = AppIcon;
				ASSETCATALOG_COMPILER_LAUNCHIMAGE_NAME = LaunchImage;
				GCC_PRECOMPILE_PREFIX_HEADER = YES;
				GCC_PREFIX_HEADER = "OSMKit/OSMKit-Prefix.pch";
				INFOPLIST_FILE = "OSMKit/OSMKit-Info.plist";
				PRODUCT_NAME = "$(TARGET_NAME)";
				WRAPPER_EXTENSION = app;
			};
			name = Release;
		};
		632C3CCF18FDE815001E8C69 /* Debug */ = {
			isa = XCBuildConfiguration;
			baseConfigurationReference = 6D3E5B0C9150F393546435EE /* Pods.debug.xcconfig */;
			buildSettings = {
				BUNDLE_LOADER = "$(BUILT_PRODUCTS_DIR)/OSMKit.app/OSMKit";
				FRAMEWORK_SEARCH_PATHS = (
					"$(SDKROOT)/Developer/Library/Frameworks",
					"$(inherited)",
					"$(DEVELOPER_FRAMEWORKS_DIR)",
				);
				GCC_PRECOMPILE_PREFIX_HEADER = YES;
				GCC_PREFIX_HEADER = "OSMKit/OSMKit-Prefix.pch";
				GCC_PREPROCESSOR_DEFINITIONS = (
					"DEBUG=1",
					"$(inherited)",
				);
				INFOPLIST_FILE = "OSMKitTests/OSMKitTests-Info.plist";
				PRODUCT_NAME = "$(TARGET_NAME)";
				TEST_HOST = "$(BUNDLE_LOADER)";
				WRAPPER_EXTENSION = xctest;
			};
			name = Debug;
		};
		632C3CD018FDE815001E8C69 /* Release */ = {
			isa = XCBuildConfiguration;
			baseConfigurationReference = 86E8BF54C163D8B1BD08CA15 /* Pods.release.xcconfig */;
			buildSettings = {
				BUNDLE_LOADER = "$(BUILT_PRODUCTS_DIR)/OSMKit.app/OSMKit";
				FRAMEWORK_SEARCH_PATHS = (
					"$(SDKROOT)/Developer/Library/Frameworks",
					"$(inherited)",
					"$(DEVELOPER_FRAMEWORKS_DIR)",
				);
				GCC_PRECOMPILE_PREFIX_HEADER = YES;
				GCC_PREFIX_HEADER = "OSMKit/OSMKit-Prefix.pch";
				INFOPLIST_FILE = "OSMKitTests/OSMKitTests-Info.plist";
				PRODUCT_NAME = "$(TARGET_NAME)";
				TEST_HOST = "$(BUNDLE_LOADER)";
				WRAPPER_EXTENSION = xctest;
			};
			name = Release;
		};
/* End XCBuildConfiguration section */

/* Begin XCConfigurationList section */
		632C3C9A18FDE814001E8C69 /* Build configuration list for PBXProject "OSMKit" */ = {
			isa = XCConfigurationList;
			buildConfigurations = (
				632C3CC918FDE815001E8C69 /* Debug */,
				632C3CCA18FDE815001E8C69 /* Release */,
			);
			defaultConfigurationIsVisible = 0;
			defaultConfigurationName = Release;
		};
		632C3CCB18FDE815001E8C69 /* Build configuration list for PBXNativeTarget "OSMKit" */ = {
			isa = XCConfigurationList;
			buildConfigurations = (
				632C3CCC18FDE815001E8C69 /* Debug */,
				632C3CCD18FDE815001E8C69 /* Release */,
			);
			defaultConfigurationIsVisible = 0;
			defaultConfigurationName = Release;
		};
		632C3CCE18FDE815001E8C69 /* Build configuration list for PBXNativeTarget "OSMKitTests" */ = {
			isa = XCConfigurationList;
			buildConfigurations = (
				632C3CCF18FDE815001E8C69 /* Debug */,
				632C3CD018FDE815001E8C69 /* Release */,
			);
			defaultConfigurationIsVisible = 0;
			defaultConfigurationName = Release;
		};
/* End XCConfigurationList section */
	};
	rootObject = 632C3C9718FDE814001E8C69 /* Project object */;
}
